
Microsoft Visual Studio Solution File, Format Version 12.00
# Visual Studio Version 17
VisualStudioVersion = 17.8.34330.188
MinimumVisualStudioVersion = 10.0.40219.1
Project("{2150E333-8FDC-42A3-9474-1A3956D46DE8}") = "src", "src", "{C1F49981-FAE4-4223-9ED7-EE1452266828}"
EndProject
Project("{FAE04EC0-301F-11D3-BF4B-00C04F79EFBC}") = "PMRU.Domain", "PMRU.Domain\PMRU.Domain.csproj", "{CF152CAC-34E3-4C76-9B8A-0ACCD88A67A2}"
EndProject
Project("{FAE04EC0-301F-11D3-BF4B-00C04F79EFBC}") = "PMRU.Application", "PMRU.Application\PMRU.Application.csproj", "{F6D9E883-CA19-4F77-B02F-314F559220EF}"
EndProject
Project("{2150E333-8FDC-42A3-9474-1A3956D46DE8}") = "API", "API", "{EA8AA66F-63A4-44A1-91E8-FDBAE22E3EF3}"
EndProject
Project("{2150E333-8FDC-42A3-9474-1A3956D46DE8}") = "Core", "Core", "{DB31C1FB-9CD8-40CB-9C0C-C33244E1E978}"
EndProject
Project("{2150E333-8FDC-42A3-9474-1A3956D46DE8}") = "UI", "UI", "{3E97931D-3B79-46E2-B40D-0B22F6E4B076}"
EndProject
Project("{2150E333-8FDC-42A3-9474-1A3956D46DE8}") = "Infrastructure", "Infrastructure", "{317146B7-D129-49BF-AA8A-A1C7DA06D1E0}"
EndProject
Project("{FAE04EC0-301F-11D3-BF4B-00C04F79EFBC}") = "PMRU.Infrastructure", "PMRU.Infrastructure\PMRU.Infrastructure.csproj", "{3E141AA4-8297-4D9E-856A-2C00D5292218}"
EndProject
Project("{FAE04EC0-301F-11D3-BF4B-00C04F79EFBC}") = "PMRU.Persistance", "PMRU.Persistance\PMRU.Persistance.csproj", "{61FC3725-C864-46BB-9F5E-900414505FB8}"
EndProject
Project("{FAE04EC0-301F-11D3-BF4B-00C04F79EFBC}") = "PMRU.API", "PMRU.API\PMRU.API.csproj", "{57527230-0A11-481E-A99B-9417B97A8FA5}"
EndProject
Global
	GlobalSection(SolutionConfigurationPlatforms) = preSolution
		Debug|Any CPU = Debug|Any CPU
		Release|Any CPU = Release|Any CPU
	EndGlobalSection
	GlobalSection(ProjectConfigurationPlatforms) = postSolution
		{CF152CAC-34E3-4C76-9B8A-0ACCD88A67A2}.Debug|Any CPU.ActiveCfg = Debug|Any CPU
		{CF152CAC-34E3-4C76-9B8A-0ACCD88A67A2}.Debug|Any CPU.Build.0 = Debug|Any CPU
		{CF152CAC-34E3-4C76-9B8A-0ACCD88A67A2}.Release|Any CPU.ActiveCfg = Release|Any CPU
		{CF152CAC-34E3-4C76-9B8A-0ACCD88A67A2}.Release|Any CPU.Build.0 = Release|Any CPU
		{F6D9E883-CA19-4F77-B02F-314F559220EF}.Debug|Any CPU.ActiveCfg = Debug|Any CPU
		{F6D9E883-CA19-4F77-B02F-314F559220EF}.Debug|Any CPU.Build.0 = Debug|Any CPU
		{F6D9E883-CA19-4F77-B02F-314F559220EF}.Release|Any CPU.ActiveCfg = Release|Any CPU
		{F6D9E883-CA19-4F77-B02F-314F559220EF}.Release|Any CPU.Build.0 = Release|Any CPU
		{3E141AA4-8297-4D9E-856A-2C00D5292218}.Debug|Any CPU.ActiveCfg = Debug|Any CPU
		{3E141AA4-8297-4D9E-856A-2C00D5292218}.Debug|Any CPU.Build.0 = Debug|Any CPU
		{3E141AA4-8297-4D9E-856A-2C00D5292218}.Release|Any CPU.ActiveCfg = Release|Any CPU
		{3E141AA4-8297-4D9E-856A-2C00D5292218}.Release|Any CPU.Build.0 = Release|Any CPU
		{61FC3725-C864-46BB-9F5E-900414505FB8}.Debug|Any CPU.ActiveCfg = Debug|Any CPU
		{61FC3725-C864-46BB-9F5E-900414505FB8}.Debug|Any CPU.Build.0 = Debug|Any CPU
		{61FC3725-C864-46BB-9F5E-900414505FB8}.Release|Any CPU.ActiveCfg = Release|Any CPU
		{61FC3725-C864-46BB-9F5E-900414505FB8}.Release|Any CPU.Build.0 = Release|Any CPU
		{57527230-0A11-481E-A99B-9417B97A8FA5}.Debug|Any CPU.ActiveCfg = Debug|Any CPU
		{57527230-0A11-481E-A99B-9417B97A8FA5}.Debug|Any CPU.Build.0 = Debug|Any CPU
		{57527230-0A11-481E-A99B-9417B97A8FA5}.Release|Any CPU.ActiveCfg = Release|Any CPU
		{57527230-0A11-481E-A99B-9417B97A8FA5}.Release|Any CPU.Build.0 = Release|Any CPU
	EndGlobalSection
	GlobalSection(SolutionProperties) = preSolution
		HideSolutionNode = FALSE
	EndGlobalSection
	GlobalSection(NestedProjects) = preSolution
		{CF152CAC-34E3-4C76-9B8A-0ACCD88A67A2} = {DB31C1FB-9CD8-40CB-9C0C-C33244E1E978}
		{F6D9E883-CA19-4F77-B02F-314F559220EF} = {DB31C1FB-9CD8-40CB-9C0C-C33244E1E978}
		{EA8AA66F-63A4-44A1-91E8-FDBAE22E3EF3} = {C1F49981-FAE4-4223-9ED7-EE1452266828}
		{DB31C1FB-9CD8-40CB-9C0C-C33244E1E978} = {C1F49981-FAE4-4223-9ED7-EE1452266828}
		{3E97931D-3B79-46E2-B40D-0B22F6E4B076} = {C1F49981-FAE4-4223-9ED7-EE1452266828}
		{317146B7-D129-49BF-AA8A-A1C7DA06D1E0} = {C1F49981-FAE4-4223-9ED7-EE1452266828}
		{3E141AA4-8297-4D9E-856A-2C00D5292218} = {317146B7-D129-49BF-AA8A-A1C7DA06D1E0}
		{61FC3725-C864-46BB-9F5E-900414505FB8} = {317146B7-D129-49BF-AA8A-A1C7DA06D1E0}
		{57527230-0A11-481E-A99B-9417B97A8FA5} = {EA8AA66F-63A4-44A1-91E8-FDBAE22E3EF3}
	EndGlobalSection
	GlobalSection(ExtensibilityGlobals) = postSolution
		SolutionGuid = {A8E23683-4E40-4555-AF33-F9E0FF1AF2F4}
	EndGlobalSection
EndGlobal
