
Microsoft Visual Studio Solution File, Format Version 12.00
# Visual Studio Version 17
VisualStudioVersion = 17.8.34330.188
MinimumVisualStudioVersion = 10.0.40219.1
Project("{2150E333-8FDC-42A3-9474-1A3956D46DE8}") = "src", "src", "{9CED913C-CF5E-42EB-98DA-A80F13C7021A}"
EndProject
Project("{2150E333-8FDC-42A3-9474-1A3956D46DE8}") = "test", "test", "{68AA64BE-C80A-4802-BF75-C9F37C8E62F2}"
EndProject
Project("{2150E333-8FDC-42A3-9474-1A3956D46DE8}") = "UI", "UI", "{0AF2EBEB-537B-4B1F-9CDC-171D5479541F}"
EndProject
Project("{2150E333-8FDC-42A3-9474-1A3956D46DE8}") = "Core", "Core", "{0AEC0185-068F-4F6B-A0CD-F22FC262BD26}"
EndProject
Project("{2150E333-8FDC-42A3-9474-1A3956D46DE8}") = "Infrastructure", "Infrastructure", "{783C8198-DE6E-48F0-92DB-3A8D273DAFAD}"
EndProject
Project("{2150E333-8FDC-42A3-9474-1A3956D46DE8}") = "API", "API", "{6AD61471-97A0-42EC-A0B8-6F1F58529FFD}"
EndProject
Project("{9A19103F-16F7-4668-BE54-9A1E7A4F7556}") = "PMRU.Domain", "PMRU.Domain\PMRU.Domain.csproj", "{D3B7880C-2812-45BE-9ECA-1C962305C4DB}"
EndProject
Project("{9A19103F-16F7-4668-BE54-9A1E7A4F7556}") = "PMRU.Application", "PMRU.Application\PMRU.Application.csproj", "{F322FAF0-BDAD-4C22-A7EC-91745774C9F0}"
EndProject
Project("{9A19103F-16F7-4668-BE54-9A1E7A4F7556}") = "PMRU.Persistence", "PMRU.Persistence\PMRU.Persistence.csproj", "{9836262E-E5C4-41C9-A655-D8BFFFCE4BE9}"
EndProject
Project("{9A19103F-16F7-4668-BE54-9A1E7A4F7556}") = "PMRU.Infrastructure", "PMRU.Infrastructure\PMRU.Infrastructure.csproj", "{D3DB17B2-0D7B-4A0A-A3BC-DBBA9717A324}"
EndProject
Project("{9A19103F-16F7-4668-BE54-9A1E7A4F7556}") = "PMRU.Api", "PMRU.Api\PMRU.Api.csproj", "{363E3128-ABE5-4A08-BCA3-5845FFCC3571}"
EndProject
Project("{9A19103F-16F7-4668-BE54-9A1E7A4F7556}") = "PMRU.BlazorUI", "PMRU.BlazorUI\PMRU.BlazorUI.csproj", "{265215F2-660B-442C-A576-83994359CD08}"
EndProject
Global
	GlobalSection(SolutionConfigurationPlatforms) = preSolution
		Debug|Any CPU = Debug|Any CPU
		Release|Any CPU = Release|Any CPU
	EndGlobalSection
	GlobalSection(ProjectConfigurationPlatforms) = postSolution
		{D3B7880C-2812-45BE-9ECA-1C962305C4DB}.Debug|Any CPU.ActiveCfg = Debug|Any CPU
		{D3B7880C-2812-45BE-9ECA-1C962305C4DB}.Debug|Any CPU.Build.0 = Debug|Any CPU
		{D3B7880C-2812-45BE-9ECA-1C962305C4DB}.Release|Any CPU.ActiveCfg = Release|Any CPU
		{D3B7880C-2812-45BE-9ECA-1C962305C4DB}.Release|Any CPU.Build.0 = Release|Any CPU
		{F322FAF0-BDAD-4C22-A7EC-91745774C9F0}.Debug|Any CPU.ActiveCfg = Debug|Any CPU
		{F322FAF0-BDAD-4C22-A7EC-91745774C9F0}.Debug|Any CPU.Build.0 = Debug|Any CPU
		{F322FAF0-BDAD-4C22-A7EC-91745774C9F0}.Release|Any CPU.ActiveCfg = Release|Any CPU
		{F322FAF0-BDAD-4C22-A7EC-91745774C9F0}.Release|Any CPU.Build.0 = Release|Any CPU
		{9836262E-E5C4-41C9-A655-D8BFFFCE4BE9}.Debug|Any CPU.ActiveCfg = Debug|Any CPU
		{9836262E-E5C4-41C9-A655-D8BFFFCE4BE9}.Debug|Any CPU.Build.0 = Debug|Any CPU
		{9836262E-E5C4-41C9-A655-D8BFFFCE4BE9}.Release|Any CPU.ActiveCfg = Release|Any CPU
		{9836262E-E5C4-41C9-A655-D8BFFFCE4BE9}.Release|Any CPU.Build.0 = Release|Any CPU
		{D3DB17B2-0D7B-4A0A-A3BC-DBBA9717A324}.Debug|Any CPU.ActiveCfg = Debug|Any CPU
		{D3DB17B2-0D7B-4A0A-A3BC-DBBA9717A324}.Debug|Any CPU.Build.0 = Debug|Any CPU
		{D3DB17B2-0D7B-4A0A-A3BC-DBBA9717A324}.Release|Any CPU.ActiveCfg = Release|Any CPU
		{D3DB17B2-0D7B-4A0A-A3BC-DBBA9717A324}.Release|Any CPU.Build.0 = Release|Any CPU
		{363E3128-ABE5-4A08-BCA3-5845FFCC3571}.Debug|Any CPU.ActiveCfg = Debug|Any CPU
		{363E3128-ABE5-4A08-BCA3-5845FFCC3571}.Debug|Any CPU.Build.0 = Debug|Any CPU
		{363E3128-ABE5-4A08-BCA3-5845FFCC3571}.Release|Any CPU.ActiveCfg = Release|Any CPU
		{363E3128-ABE5-4A08-BCA3-5845FFCC3571}.Release|Any CPU.Build.0 = Release|Any CPU
		{265215F2-660B-442C-A576-83994359CD08}.Debug|Any CPU.ActiveCfg = Debug|Any CPU
		{265215F2-660B-442C-A576-83994359CD08}.Debug|Any CPU.Build.0 = Debug|Any CPU
		{265215F2-660B-442C-A576-83994359CD08}.Release|Any CPU.ActiveCfg = Release|Any CPU
		{265215F2-660B-442C-A576-83994359CD08}.Release|Any CPU.Build.0 = Release|Any CPU
	EndGlobalSection
	GlobalSection(SolutionProperties) = preSolution
		HideSolutionNode = FALSE
	EndGlobalSection
	GlobalSection(NestedProjects) = preSolution
		{0AF2EBEB-537B-4B1F-9CDC-171D5479541F} = {9CED913C-CF5E-42EB-98DA-A80F13C7021A}
		{0AEC0185-068F-4F6B-A0CD-F22FC262BD26} = {9CED913C-CF5E-42EB-98DA-A80F13C7021A}
		{783C8198-DE6E-48F0-92DB-3A8D273DAFAD} = {9CED913C-CF5E-42EB-98DA-A80F13C7021A}
		{6AD61471-97A0-42EC-A0B8-6F1F58529FFD} = {9CED913C-CF5E-42EB-98DA-A80F13C7021A}
		{D3B7880C-2812-45BE-9ECA-1C962305C4DB} = {0AEC0185-068F-4F6B-A0CD-F22FC262BD26}
		{F322FAF0-BDAD-4C22-A7EC-91745774C9F0} = {0AEC0185-068F-4F6B-A0CD-F22FC262BD26}
		{9836262E-E5C4-41C9-A655-D8BFFFCE4BE9} = {783C8198-DE6E-48F0-92DB-3A8D273DAFAD}
		{D3DB17B2-0D7B-4A0A-A3BC-DBBA9717A324} = {783C8198-DE6E-48F0-92DB-3A8D273DAFAD}
		{363E3128-ABE5-4A08-BCA3-5845FFCC3571} = {6AD61471-97A0-42EC-A0B8-6F1F58529FFD}
		{265215F2-660B-442C-A576-83994359CD08} = {0AF2EBEB-537B-4B1F-9CDC-171D5479541F}
	EndGlobalSection
	GlobalSection(ExtensibilityGlobals) = postSolution
		SolutionGuid = {12D021EC-7D8A-4A76-98F9-68D26756C281}
	EndGlobalSection
EndGlobal
